
Microsoft Visual Studio Solution File, Format Version 12.00
# Visual Studio Version 17
VisualStudioVersion = 17.9.34714.143
MinimumVisualStudioVersion = 10.0.40219.1
Project("{9A19103F-16F7-4668-BE54-9A1E7A4F7556}") = "MarsQACompetitionTaskNUnit", "MarsQACompetitionTaskNUnit.csproj", "{DBE555D2-0FFF-4D37-88C2-BD845DB909AF}"
EndProject
Global
	GlobalSection(SolutionConfigurationPlatforms) = preSolution
		Debug|Any CPU = Debug|Any CPU
		Release|Any CPU = Release|Any CPU
	EndGlobalSection
	GlobalSection(ProjectConfigurationPlatforms) = postSolution
		{DBE555D2-0FFF-4D37-88C2-BD845DB909AF}.Debug|Any CPU.ActiveCfg = Debug|Any CPU
		{DBE555D2-0FFF-4D37-88C2-BD845DB909AF}.Debug|Any CPU.Build.0 = Debug|Any CPU
		{DBE555D2-0FFF-4D37-88C2-BD845DB909AF}.Release|Any CPU.ActiveCfg = Release|Any CPU
		{DBE555D2-0FFF-4D37-88C2-BD845DB909AF}.Release|Any CPU.Build.0 = Release|Any CPU
	EndGlobalSection
	GlobalSection(SolutionProperties) = preSolution
		HideSolutionNode = FALSE
	EndGlobalSection
	GlobalSection(ExtensibilityGlobals) = postSolution
		SolutionGuid = {82618571-6C2A-400D-909E-D3D5AD8C1EF0}
	EndGlobalSection
EndGlobal
